dependencies:
- name: platform-stack
  repository: https://enkryptai.github.io/helm-charts
  version: 1.1.32
- name: enkryptai-stack
  repository: https://enkryptai.github.io/helm-charts
  version: 1.1.23
digest: sha256:4a31d25a8f3b2cfd2838f34d8d81496a7ba1c303e0c34401eaf4ab3fbdafd4d8
generated: "2026-05-28T11:33:35.683714306+05:30"
