dependencies:
- name: platform-stack
  repository: https://enkryptai.github.io/helm-charts
  version: 1.1.33
- name: enkryptai-stack
  repository: https://enkryptai.github.io/helm-charts
  version: 1.1.24
digest: sha256:b3dff24f7cc620b10bb7629d034166f646b32fc52b4edc22b53b77050d08b20a
generated: "2026-06-19T19:39:42.675975491+05:30"
