dependencies:
- name: argo-workflow
  repository: file://./charts/argo-workflow
  version: 1.0.0
- name: argocd-events
  repository: file://./charts/argocd-events
  version: 1.0.0
- name: gpu-operator
  repository: https://helm.ngc.nvidia.com/nvidia
  version: v25.3.1
- name: keydb
  repository: https://enapter.github.io/charts/
  version: 0.48.0
- name: nats
  repository: https://nats-io.github.io/k8s/helm/charts
  version: 1.3.14
- name: nack
  repository: https://nats-io.github.io/k8s/helm/charts/
  version: 0.29.2
- name: ingress-nginx
  repository: file://./charts/ingress-nginx
  version: 1.0.0
digest: sha256:9f7bc42a33f1d2714cfda5f99488bde42694c447e975281f678a6924d0ddf72e
generated: "2025-10-10T18:29:52.218535123+05:30"
